
Microsoft Visual Studio Solution File, Format Version 12.00
# Visual Studio 15
VisualStudioVersion = 15.0.27004.2008
MinimumVisualStudioVersion = 10.0.40219.1
Project("{FAE04EC0-301F-11D3-BF4B-00C04F79EFBC}") = "Item Wheel Generator", "Item Wheel Generator\Item Wheel Generator.csproj", "{96232C42-3A31-4B5B-95B9-DE0C45C640D5}"
EndProject
Global
	GlobalSection(SolutionConfigurationPlatforms) = preSolution
		Debug|Any CPU = Debug|Any CPU
		Release|Any CPU = Release|Any CPU
	EndGlobalSection
	GlobalSection(ProjectConfigurationPlatforms) = postSolution
		{96232C42-3A31-4B5B-95B9-DE0C45C640D5}.Debug|Any CPU.ActiveCfg = Debug|Any CPU
		{96232C42-3A31-4B5B-95B9-DE0C45C640D5}.Debug|Any CPU.Build.0 = Debug|Any CPU
		{96232C42-3A31-4B5B-95B9-DE0C45C640D5}.Release|Any CPU.ActiveCfg = Release|Any CPU
		{96232C42-3A31-4B5B-95B9-DE0C45C640D5}.Release|Any CPU.Build.0 = Release|Any CPU
	EndGlobalSection
	GlobalSection(SolutionProperties) = preSolution
		HideSolutionNode = FALSE
	EndGlobalSection
	GlobalSection(ExtensibilityGlobals) = postSolution
		SolutionGuid = {B21ABA74-76AD-458B-9D10-BB978023DD45}
	EndGlobalSection
EndGlobal
